
Microsoft Visual Studio Solution File, Format Version 12.00
# Visual Studio 15
Project("{FAE04EC0-301F-11D3-BF4B-00C04F79EFBC}") = "Test.Xamarin.Android", "Test.Xamarin.Android\Test.Xamarin.Android.csproj", "{DE9E0959-0DD6-4872-897F-CFE6C7B2E5FB}"
EndProject
Project("{FAE04EC0-301F-11D3-BF4B-00C04F79EFBC}") = "Test.Xamarin.iOS", "Test.Xamarin.iOS\Test.Xamarin.iOS.csproj", "{90AB15C7-C339-4E20-A6C4-F9F917045FD5}"
EndProject
Project("{D954291E-2A0B-460D-934E-DC6B0785DB48}") = "Test.Xamarin", "Test.Xamarin\Test.Xamarin.shproj", "{91B5CE12-E042-430D-B40D-EC4B0F151954}"
EndProject
Global
	GlobalSection(SolutionConfigurationPlatforms) = preSolution
		Debug|Any CPU = Debug|Any CPU
		Release|Any CPU = Release|Any CPU
		Debug|iPhoneSimulator = Debug|iPhoneSimulator
		Release|iPhoneSimulator = Release|iPhoneSimulator
		Debug|iPhone = Debug|iPhone
		Release|iPhone = Release|iPhone
		Ad-Hoc|iPhone = Ad-Hoc|iPhone
		AppStore|iPhone = AppStore|iPhone
	EndGlobalSection
	GlobalSection(ProjectConfigurationPlatforms) = postSolution
		{DE9E0959-0DD6-4872-897F-CFE6C7B2E5FB}.Debug|Any CPU.ActiveCfg = Debug|Any CPU
		{DE9E0959-0DD6-4872-897F-CFE6C7B2E5FB}.Debug|Any CPU.Build.0 = Debug|Any CPU
		{DE9E0959-0DD6-4872-897F-CFE6C7B2E5FB}.Release|Any CPU.ActiveCfg = Release|Any CPU
		{DE9E0959-0DD6-4872-897F-CFE6C7B2E5FB}.Release|Any CPU.Build.0 = Release|Any CPU
		{DE9E0959-0DD6-4872-897F-CFE6C7B2E5FB}.Debug|iPhoneSimulator.ActiveCfg = Debug|Any CPU
		{DE9E0959-0DD6-4872-897F-CFE6C7B2E5FB}.Debug|iPhoneSimulator.Build.0 = Debug|Any CPU
		{DE9E0959-0DD6-4872-897F-CFE6C7B2E5FB}.Release|iPhoneSimulator.ActiveCfg = Release|Any CPU
		{DE9E0959-0DD6-4872-897F-CFE6C7B2E5FB}.Release|iPhoneSimulator.Build.0 = Release|Any CPU
		{DE9E0959-0DD6-4872-897F-CFE6C7B2E5FB}.Debug|iPhone.ActiveCfg = Debug|Any CPU
		{DE9E0959-0DD6-4872-897F-CFE6C7B2E5FB}.Debug|iPhone.Build.0 = Debug|Any CPU
		{DE9E0959-0DD6-4872-897F-CFE6C7B2E5FB}.Release|iPhone.ActiveCfg = Release|Any CPU
		{DE9E0959-0DD6-4872-897F-CFE6C7B2E5FB}.Release|iPhone.Build.0 = Release|Any CPU
		{DE9E0959-0DD6-4872-897F-CFE6C7B2E5FB}.Ad-Hoc|iPhone.ActiveCfg = Debug|Any CPU
		{DE9E0959-0DD6-4872-897F-CFE6C7B2E5FB}.Ad-Hoc|iPhone.Build.0 = Debug|Any CPU
		{DE9E0959-0DD6-4872-897F-CFE6C7B2E5FB}.AppStore|iPhone.ActiveCfg = Debug|Any CPU
		{DE9E0959-0DD6-4872-897F-CFE6C7B2E5FB}.AppStore|iPhone.Build.0 = Debug|Any CPU
		{90AB15C7-C339-4E20-A6C4-F9F917045FD5}.Debug|Any CPU.ActiveCfg = Debug|iPhoneSimulator
		{90AB15C7-C339-4E20-A6C4-F9F917045FD5}.Debug|Any CPU.Build.0 = Debug|iPhoneSimulator
		{90AB15C7-C339-4E20-A6C4-F9F917045FD5}.Release|Any CPU.ActiveCfg = Release|iPhoneSimulator
		{90AB15C7-C339-4E20-A6C4-F9F917045FD5}.Release|Any CPU.Build.0 = Release|iPhoneSimulator
		{90AB15C7-C339-4E20-A6C4-F9F917045FD5}.Debug|iPhoneSimulator.ActiveCfg = Debug|iPhoneSimulator
		{90AB15C7-C339-4E20-A6C4-F9F917045FD5}.Debug|iPhoneSimulator.Build.0 = Debug|iPhoneSimulator
		{90AB15C7-C339-4E20-A6C4-F9F917045FD5}.Release|iPhoneSimulator.ActiveCfg = Release|iPhoneSimulator
		{90AB15C7-C339-4E20-A6C4-F9F917045FD5}.Release|iPhoneSimulator.Build.0 = Release|iPhoneSimulator
		{90AB15C7-C339-4E20-A6C4-F9F917045FD5}.Debug|iPhone.ActiveCfg = Debug|iPhone
		{90AB15C7-C339-4E20-A6C4-F9F917045FD5}.Debug|iPhone.Build.0 = Debug|iPhone
		{90AB15C7-C339-4E20-A6C4-F9F917045FD5}.Release|iPhone.ActiveCfg = Release|iPhone
		{90AB15C7-C339-4E20-A6C4-F9F917045FD5}.Release|iPhone.Build.0 = Release|iPhone
		{90AB15C7-C339-4E20-A6C4-F9F917045FD5}.Ad-Hoc|iPhone.ActiveCfg = Ad-Hoc|iPhone
		{90AB15C7-C339-4E20-A6C4-F9F917045FD5}.Ad-Hoc|iPhone.Build.0 = Ad-Hoc|iPhone
		{90AB15C7-C339-4E20-A6C4-F9F917045FD5}.AppStore|iPhone.ActiveCfg = AppStore|iPhone
		{90AB15C7-C339-4E20-A6C4-F9F917045FD5}.AppStore|iPhone.Build.0 = AppStore|iPhone
	EndGlobalSection
EndGlobal
